// !$*UTF8*$!
{
	archiveVersion = 1;
	classes = {
	};
	objectVersion = 50;
	objects = {

/* Begin PBXBuildFile section */
		CD6A512E20DE92F40012C7FA /* AppDelegate.swift in Sources */ = {isa = PBXBuildFile; fileRef = CD6A512D20DE92F40012C7FA /* AppDelegate.swift */; };
		CD6A513020DE92F40012C7FA /* ViewController.swift in Sources */ = {isa = PBXBuildFile; fileRef = CD6A512F20DE92F40012C7FA /* ViewController.swift */; };
		CD6A513320DE92F40012C7FA /* Main.storyboard in Resources */ = {isa = PBXBuildFile; fileRef = CD6A513120DE92F40012C7FA /* Main.storyboard */; };
		CD6A513620DE92F40012C7FA /* LoginTest.xcdatamodeld in Sources */ = {isa = PBXBuildFile; fileRef = CD6A513420DE92F40012C7FA /* LoginTest.xcdatamodeld */; };
		CD6A513820DE92F60012C7FA /* Assets.xcassets in Resources */ = {isa = PBXBuildFile; fileRef = CD6A513720DE92F60012C7FA /* Assets.xcassets */; };
		CD6A513B20DE92F60012C7FA /* LaunchScreen.storyboard in Resources */ = {isa = PBXBuildFile; fileRef = CD6A513920DE92F60012C7FA /* LaunchScreen.storyboard */; };
		CD6A514320DE933E0012C7FA /* LoginViewController.swift in Sources */ = {isa = PBXBuildFile; fileRef = CD6A514220DE933E0012C7FA /* LoginViewController.swift */; };
		CD6A514520DE935B0012C7FA /* SignUpViewController.swift in Sources */ = {isa = PBXBuildFile; fileRef = CD6A514420DE935B0012C7FA /* SignUpViewController.swift */; };
		CD6A514720DE936D0012C7FA /* UserDetailsViewController.swift in Sources */ = {isa = PBXBuildFile; fileRef = CD6A514620DE936D0012C7FA /* UserDetailsViewController.swift */; };
/* End PBXBuildFile section */

/* Begin PBXFileReference section */
		CD6A512A20DE92F40012C7FA /* LoginTest.app */ = {isa = PBXFileReference; explicitFileType = wrapper.application; includeInIndex = 0; path = LoginTest.app; sourceTree = BUILT_PRODUCTS_DIR; };
		CD6A512D20DE92F40012C7FA /* AppDelegate.swift */ = {isa = PBXFileReference; lastKnownFileType = sourcecode.swift; path = AppDelegate.swift; sourceTree = "<group>"; };
		CD6A512F20DE92F40012C7FA /* ViewController.swift */ = {isa = PBXFileReference; lastKnownFileType = sourcecode.swift; path = ViewController.swift; sourceTree = "<group>"; };
		CD6A513220DE92F40012C7FA /* Base */ = {isa = PBXFileReference; lastKnownFileType = file.storyboard; name = Base; path = Base.lproj/Main.storyboard; sourceTree = "<group>"; };
		CD6A513520DE92F40012C7FA /* LoginTest.xcdatamodel */ = {isa = PBXFileReference; lastKnownFileType = wrapper.xcdatamodel; path = LoginTest.xcdatamodel; sourceTree = "<group>"; };
		CD6A513720DE92F60012C7FA /* Assets.xcassets */ = {isa = PBXFileReference; lastKnownFileType = folder.assetcatalog; path = Assets.xcassets; sourceTree = "<group>"; };
		CD6A513A20DE92F60012C7FA /* Base */ = {isa = PBXFileReference; lastKnownFileType = file.storyboard; name = Base; path = Base.lproj/LaunchScreen.storyboard; sourceTree = "<group>"; };
		CD6A513C20DE92F60012C7FA /* Info.plist */ = {isa = PBXFileReference; lastKnownFileType = text.plist.xml; path = Info.plist; sourceTree = "<group>"; };
		CD6A514220DE933E0012C7FA /* LoginViewController.swift */ = {isa = PBXFileReference; lastKnownFileType = sourcecode.swift; path = LoginViewController.swift; sourceTree = "<group>"; };
		CD6A514420DE935B0012C7FA /* SignUpViewController.swift */ = {isa = PBXFileReference; lastKnownFileType = sourcecode.swift; path = SignUpViewController.swift; sourceTree = "<group>"; };
		CD6A514620DE936D0012C7FA /* UserDetailsViewController.swift */ = {isa = PBXFileReference; lastKnownFileType = sourcecode.swift; path = UserDetailsViewController.swift; sourceTree = "<group>"; };
/* End PBXFileReference section */

/* Begin PBXFrameworksBuildPhase section */
		CD6A512720DE92F40012C7FA /* Frameworks */ = {
			isa = PBXFrameworksBuildPhase;
			buildActionMask = 2147483647;
			files = (
			);
			runOnlyForDeploymentPostprocessing = 0;
		};
/* End PBXFrameworksBuildPhase section */

/* Begin PBXGroup section */
		CD6A512120DE92F40012C7FA = {
			isa = PBXGroup;
			children = (
				CD6A512C20DE92F40012C7FA /* LoginTest */,
				CD6A512B20DE92F40012C7FA /* Products */,
			);
			sourceTree = "<group>";
		};
		CD6A512B20DE92F40012C7FA /* Products */ = {
			isa = PBXGroup;
			children = (
				CD6A512A20DE92F40012C7FA /* LoginTest.app */,
			);
			name = Products;
			sourceTree = "<group>";
		};
		CD6A512C20DE92F40012C7FA /* LoginTest */ = {
			isa = PBXGroup;
			children = (
				CD6A512D20DE92F40012C7FA /* AppDelegate.swift */,
				CD6A512F20DE92F40012C7FA /* ViewController.swift */,
				CD6A513120DE92F40012C7FA /* Main.storyboard */,
				CD6A513720DE92F60012C7FA /* Assets.xcassets */,
				CD6A513920DE92F60012C7FA /* LaunchScreen.storyboard */,
				CD6A513C20DE92F60012C7FA /* Info.plist */,
				CD6A513420DE92F40012C7FA /* LoginTest.xcdatamodeld */,
				CD6A514220DE933E0012C7FA /* LoginViewController.swift */,
				CD6A514420DE935B0012C7FA /* SignUpViewController.swift */,
				CD6A514620DE936D0012C7FA /* UserDetailsViewController.swift */,
			);
			path = LoginTest;
			sourceTree = "<group>";
		};
/* End PBXGroup section */

/* Begin PBXNativeTarget section */
		CD6A512920DE92F40012C7FA /* LoginTest */ = {
			isa = PBXNativeTarget;
			buildConfigurationList = CD6A513F20DE92F60012C7FA /* Build configuration list for PBXNativeTarget "LoginTest" */;
			buildPhases = (
				CD6A512620DE92F40012C7FA /* Sources */,
				CD6A512720DE92F40012C7FA /* Frameworks */,
				CD6A512820DE92F40012C7FA /* Resources */,
			);
			buildRules = (
			);
			dependencies = (
			);
			name = LoginTest;
			productName = LoginTest;
			productReference = CD6A512A20DE92F40012C7FA /* LoginTest.app */;
			productType = "com.apple.product-type.application";
		};
/* End PBXNativeTarget section */

/* Begin PBXProject section */
		CD6A512220DE92F40012C7FA /* Project object */ = {
			isa = PBXProject;
			attributes = {
				LastSwiftUpdateCheck = 0930;
				LastUpgradeCheck = 0930;
				ORGANIZATIONNAME = SWUCOMPUTER;
				TargetAttributes = {
					CD6A512920DE92F40012C7FA = {
						CreatedOnToolsVersion = 9.3.1;
					};
				};
			};
			buildConfigurationList = CD6A512520DE92F40012C7FA /* Build configuration list for PBXProject "LoginTest" */;
			compatibilityVersion = "Xcode 9.3";
			developmentRegion = en;
			hasScannedForEncodings = 0;
			knownRegions = (
				en,
				Base,
			);
			mainGroup = CD6A512120DE92F40012C7FA;
			productRefGroup = CD6A512B20DE92F40012C7FA /* Products */;
			projectDirPath = "";
			projectRoot = "";
			targets = (
				CD6A512920DE92F40012C7FA /* LoginTest */,
			);
		};
/* End PBXProject section */

/* Begin PBXResourcesBuildPhase section */
		CD6A512820DE92F40012C7FA /* Resources */ = {
			isa = PBXResourcesBuildPhase;
			buildActionMask = 2147483647;
			files = (
				CD6A513B20DE92F60012C7FA /* LaunchScreen.storyboard in Resources */,
				CD6A513820DE92F60012C7FA /* Assets.xcassets in Resources */,
				CD6A513320DE92F40012C7FA /* Main.storyboard in Resources */,
			);
			runOnlyForDeploymentPostprocessing = 0;
		};
/* End PBXResourcesBuildPhase section */

/* Begin PBXSourcesBuildPhase section */
		CD6A512620DE92F40012C7FA /* Sources */ = {
			isa = PBXSourcesBuildPhase;
			buildActionMask = 2147483647;
			files = (
				CD6A514320DE933E0012C7FA /* LoginViewController.swift in Sources */,
				CD6A513020DE92F40012C7FA /* ViewController.swift in Sources */,
				CD6A514720DE936D0012C7FA /* UserDetailsViewController.swift in Sources */,
				CD6A513620DE92F40012C7FA /* LoginTest.xcdatamodeld in Sources */,
				CD6A512E20DE92F40012C7FA /* AppDelegate.swift in Sources */,
				CD6A514520DE935B0012C7FA /* SignUpViewController.swift in Sources */,
			);
			runOnlyForDeploymentPostprocessing = 0;
		};
/* End PBXSourcesBuildPhase section */

/* Begin PBXVariantGroup section */
		CD6A513120DE92F40012C7FA /* Main.storyboard */ = {
			isa = PBXVariantGroup;
			children = (
				CD6A513220DE92F40012C7FA /* Base */,
			);
			name = Main.storyboard;
			sourceTree = "<group>";
		};
		CD6A513920DE92F60012C7FA /* LaunchScreen.storyboard */ = {
			isa = PBXVariantGroup;
			children = (
				CD6A513A20DE92F60012C7FA /* Base */,
			);
			name = LaunchScreen.storyboard;
			sourceTree = "<group>";
		};
/* End PBXVariantGroup section */

/* Begin XCBuildConfiguration section */
		CD6A513D20DE92F60012C7FA /* Debug */ = {
			isa = XCBuildConfiguration;
			buildSettings = {
				ALWAYS_SEARCH_USER_PATHS = NO;
				CLANG_ANALYZER_NONNULL = YES;
				CLANG_ANALYZER_NUMBER_OBJECT_CONVERSION = YES_AGGRESSIVE;
				CLANG_CXX_LANGUAGE_STANDARD = "gnu++14";
				CLANG_CXX_LIBRARY = "libc++";
				CLANG_ENABLE_MODULES = YES;
				CLANG_ENABLE_OBJC_ARC = YES;
				CLANG_ENABLE_OBJC_WEAK = YES;
				CLANG_WARN_BLOCK_CAPTURE_AUTORELEASING = YES;
				CLANG_WARN_BOOL_CONVERSION = YES;
				CLANG_WARN_COMMA = YES;
				CLANG_WARN_CONSTANT_CONVERSION = YES;
				CLANG_WARN_DEPRECATED_OBJC_IMPLEMENTATIONS = YES;
				CLANG_WARN_DIRECT_OBJC_ISA_USAGE = YES_ERROR;
				CLANG_WARN_DOCUMENTATION_COMMENTS = YES;
				CLANG_WARN_EMPTY_BODY = YES;
				CLANG_WARN_ENUM_CONVERSION = YES;
				CLANG_WARN_INFINITE_RECURSION = YES;
				CLANG_WARN_INT_CONVERSION = YES;
				CLANG_WARN_NON_LITERAL_NULL_CONVERSION = YES;
				CLANG_WARN_OBJC_IMPLICIT_RETAIN_SELF = YES;
				CLANG_WARN_OBJC_LITERAL_CONVERSION = YES;
				CLANG_WARN_OBJC_ROOT_CLASS = YES_ERROR;
				CLANG_WARN_RANGE_LOOP_ANALYSIS = YES;
				CLANG_WARN_STRICT_PROTOTYPES = YES;
				CLANG_WARN_SUSPICIOUS_MOVE = YES;
				CLANG_WARN_UNGUARDED_AVAILABILITY = YES_AGGRESSIVE;
				CLANG_WARN_UNREACHABLE_CODE = YES;
				CLANG_WARN__DUPLICATE_METHOD_MATCH = YES;
				CODE_SIGN_IDENTITY = "iPhone Developer";
				COPY_PHASE_STRIP = NO;
				DEBUG_INFORMATION_FORMAT = dwarf;
				ENABLE_STRICT_OBJC_MSGSEND = YES;
				ENABLE_TESTABILITY = YES;
				GCC_C_LANGUAGE_STANDARD = gnu11;
				GCC_DYNAMIC_NO_PIC = NO;
				GCC_NO_COMMON_BLOCKS = YES;
				GCC_OPTIMIZATION_LEVEL = 0;
				GCC_PREPROCESSOR_DEFINITIONS = (
					"DEBUG=1",
					"$(inherited)",
				);
				GCC_WARN_64_TO_32_BIT_CONVERSION = YES;
				GCC_WARN_ABOUT_RETURN_TYPE = YES_ERROR;
				GCC_WARN_UNDECLARED_SELECTOR = YES;
				GCC_WARN_UNINITIALIZED_AUTOS = YES_AGGRESSIVE;
				GCC_WARN_UNUSED_FUNCTION = YES;
				GCC_WARN_UNUSED_VARIABLE = YES;
				IPHONEOS_DEPLOYMENT_TARGET = 11.3;
				MTL_ENABLE_DEBUG_INFO = YES;
				ONLY_ACTIVE_ARCH = YES;
				SDKROOT = iphoneos;
				SWIFT_ACTIVE_COMPILATION_CONDITIONS = DEBUG;
				SWIFT_OPTIMIZATION_LEVEL = "-Onone";
			};
			name = Debug;
		};
		CD6A513E20DE92F60012C7FA /* Release */ = {
			isa = XCBuildConfiguration;
			buildSettings = {
				ALWAYS_SEARCH_USER_PATHS = NO;
				CLANG_ANALYZER_NONNULL = YES;
				CLANG_ANALYZER_NUMBER_OBJECT_CONVERSION = YES_AGGRESSIVE;
				CLANG_CXX_LANGUAGE_STANDARD = "gnu++14";
				CLANG_CXX_LIBRARY = "libc++";
				CLANG_ENABLE_MODULES = YES;
				CLANG_ENABLE_OBJC_ARC = YES;
				CLANG_ENABLE_OBJC_WEAK = YES;
				CLANG_WARN_BLOCK_CAPTURE_AUTORELEASING = YES;
				CLANG_WARN_BOOL_CONVERSION = YES;
				CLANG_WARN_COMMA = YES;
				CLANG_WARN_CONSTANT_CONVERSION = YES;
				CLANG_WARN_DEPRECATED_OBJC_IMPLEMENTATIONS = YES;
				CLANG_WARN_DIRECT_OBJC_ISA_USAGE = YES_ERROR;
				CLANG_WARN_DOCUMENTATION_COMMENTS = YES;
				CLANG_WARN_EMPTY_BODY = YES;
				CLANG_WARN_ENUM_CONVERSION = YES;
				CLANG_WARN_INFINITE_RECURSION = YES;
				CLANG_WARN_INT_CONVERSION = YES;
				CLANG_WARN_NON_LITERAL_NULL_CONVERSION = YES;
				CLANG_WARN_OBJC_IMPLICIT_RETAIN_SELF = YES;
				CLANG_WARN_OBJC_LITERAL_CONVERSION = YES;
				CLANG_WARN_OBJC_ROOT_CLASS = YES_ERROR;
				CLANG_WARN_RANGE_LOOP_ANALYSIS = YES;
				CLANG_WARN_STRICT_PROTOTYPES = YES;
				CLANG_WARN_SUSPICIOUS_MOVE = YES;
				CLANG_WARN_UNGUARDED_AVAILABILITY = YES_AGGRESSIVE;
				CLANG_WARN_UNREACHABLE_CODE = YES;
				CLANG_WARN__DUPLICATE_METHOD_MATCH = YES;
				CODE_SIGN_IDENTITY = "iPhone Developer";
				COPY_PHASE_STRIP = NO;
				DEBUG_INFORMATION_FORMAT = "dwarf-with-dsym";
				ENABLE_NS_ASSERTIONS = NO;
				ENABLE_STRICT_OBJC_MSGSEND = YES;
				GCC_C_LANGUAGE_STANDARD = gnu11;
				GCC_NO_COMMON_BLOCKS = YES;
				GCC_WARN_64_TO_32_BIT_CONVERSION = YES;
				GCC_WARN_ABOUT_RETURN_TYPE = YES_ERROR;
				GCC_WARN_UNDECLARED_SELECTOR = YES;
				GCC_WARN_UNINITIALIZED_AUTOS = YES_AGGRESSIVE;
				GCC_WARN_UNUSED_FUNCTION = YES;
				GCC_WARN_UNUSED_VARIABLE = YES;
				IPHONEOS_DEPLOYMENT_TARGET = 11.3;
				MTL_ENABLE_DEBUG_INFO = NO;
				SDKROOT = iphoneos;
				SWIFT_COMPILATION_MODE = wholemodule;
				SWIFT_OPTIMIZATION_LEVEL = "-O";
				VALIDATE_PRODUCT = YES;
			};
			name = Release;
		};
		CD6A514020DE92F60012C7FA /* Debug */ = {
			isa = XCBuildConfiguration;
			buildSettings = {
				ASSETCATALOG_COMPILER_APPICON_NAME = AppIcon;
				CODE_SIGN_STYLE = Automatic;
				INFOPLIST_FILE = LoginTest/Info.plist;
				LD_RUNPATH_SEARCH_PATHS = (
					"$(inherited)",
					"@executable_path/Frameworks",
				);
				PRODUCT_BUNDLE_IDENTIFIER = swu.ac.kr.LoginTest;
				PRODUCT_NAME = "$(TARGET_NAME)";
				SWIFT_VERSION = 4.0;
				TARGETED_DEVICE_FAMILY = "1,2";
			};
			name = Debug;
		};
		CD6A514120DE92F60012C7FA /* Release */ = {
			isa = XCBuildConfiguration;
			buildSettings = {
				ASSETCATALOG_COMPILER_APPICON_NAME = AppIcon;
				CODE_SIGN_STYLE = Automatic;
				INFOPLIST_FILE = LoginTest/Info.plist;
				LD_RUNPATH_SEARCH_PATHS = (
					"$(inherited)",
					"@executable_path/Frameworks",
				);
				PRODUCT_BUNDLE_IDENTIFIER = swu.ac.kr.LoginTest;
				PRODUCT_NAME = "$(TARGET_NAME)";
				SWIFT_VERSION = 4.0;
				TARGETED_DEVICE_FAMILY = "1,2";
			};
			name = Release;
		};
/* End XCBuildConfiguration section */

/* Begin XCConfigurationList section */
		CD6A512520DE92F40012C7FA /* Build configuration list for PBXProject "LoginTest" */ = {
			isa = XCConfigurationList;
			buildConfigurations = (
				CD6A513D20DE92F60012C7FA /* Debug */,
				CD6A513E20DE92F60012C7FA /* Release */,
			);
			defaultConfigurationIsVisible = 0;
			defaultConfigurationName = Release;
		};
		CD6A513F20DE92F60012C7FA /* Build configuration list for PBXNativeTarget "LoginTest" */ = {
			isa = XCConfigurationList;
			buildConfigurations = (
				CD6A514020DE92F60012C7FA /* Debug */,
				CD6A514120DE92F60012C7FA /* Release */,
			);
			defaultConfigurationIsVisible = 0;
			defaultConfigurationName = Release;
		};
/* End XCConfigurationList section */

/* Begin XCVersionGroup section */
		CD6A513420DE92F40012C7FA /* LoginTest.xcdatamodeld */ = {
			isa = XCVersionGroup;
			children = (
				CD6A513520DE92F40012C7FA /* LoginTest.xcdatamodel */,
			);
			currentVersion = CD6A513520DE92F40012C7FA /* LoginTest.xcdatamodel */;
			path = LoginTest.xcdatamodeld;
			sourceTree = "<group>";
			versionGroupType = wrapper.xcdatamodel;
		};
/* End XCVersionGroup section */
	};
	rootObject = CD6A512220DE92F40012C7FA /* Project object */;
}
