// !$*UTF8*$!
{
	archiveVersion = 1;
	classes = {
	};
	objectVersion = 48;
	objects = {

/* Begin PBXBuildFile section */
		CD5B0027209859E70060CB84 /* AppDelegate.swift in Sources */ = {isa = PBXBuildFile; fileRef = CD5B0026209859E70060CB84 /* AppDelegate.swift */; };
		CD5B0029209859E70060CB84 /* ViewController.swift in Sources */ = {isa = PBXBuildFile; fileRef = CD5B0028209859E70060CB84 /* ViewController.swift */; };
		CD5B002C209859E70060CB84 /* Main.storyboard in Resources */ = {isa = PBXBuildFile; fileRef = CD5B002A209859E70060CB84 /* Main.storyboard */; };
		CD5B002E209859E70060CB84 /* Assets.xcassets in Resources */ = {isa = PBXBuildFile; fileRef = CD5B002D209859E70060CB84 /* Assets.xcassets */; };
		CD5B0031209859E70060CB84 /* LaunchScreen.storyboard in Resources */ = {isa = PBXBuildFile; fileRef = CD5B002F209859E70060CB84 /* LaunchScreen.storyboard */; };
		CD5B003920985B4D0060CB84 /* LottoCell.swift in Sources */ = {isa = PBXBuildFile; fileRef = CD5B003820985B4D0060CB84 /* LottoCell.swift */; };
/* End PBXBuildFile section */

/* Begin PBXFileReference section */
		CD5B0023209859E70060CB84 /* Week09.app */ = {isa = PBXFileReference; explicitFileType = wrapper.application; includeInIndex = 0; path = Week09.app; sourceTree = BUILT_PRODUCTS_DIR; };
		CD5B0026209859E70060CB84 /* AppDelegate.swift */ = {isa = PBXFileReference; lastKnownFileType = sourcecode.swift; path = AppDelegate.swift; sourceTree = "<group>"; };
		CD5B0028209859E70060CB84 /* ViewController.swift */ = {isa = PBXFileReference; lastKnownFileType = sourcecode.swift; path = ViewController.swift; sourceTree = "<group>"; };
		CD5B002B209859E70060CB84 /* Base */ = {isa = PBXFileReference; lastKnownFileType = file.storyboard; name = Base; path = Base.lproj/Main.storyboard; sourceTree = "<group>"; };
		CD5B002D209859E70060CB84 /* Assets.xcassets */ = {isa = PBXFileReference; lastKnownFileType = folder.assetcatalog; path = Assets.xcassets; sourceTree = "<group>"; };
		CD5B0030209859E70060CB84 /* Base */ = {isa = PBXFileReference; lastKnownFileType = file.storyboard; name = Base; path = Base.lproj/LaunchScreen.storyboard; sourceTree = "<group>"; };
		CD5B0032209859E70060CB84 /* Info.plist */ = {isa = PBXFileReference; lastKnownFileType = text.plist.xml; path = Info.plist; sourceTree = "<group>"; };
		CD5B003820985B4D0060CB84 /* LottoCell.swift */ = {isa = PBXFileReference; lastKnownFileType = sourcecode.swift; path = LottoCell.swift; sourceTree = "<group>"; };
/* End PBXFileReference section */

/* Begin PBXFrameworksBuildPhase section */
		CD5B0020209859E70060CB84 /* Frameworks */ = {
			isa = PBXFrameworksBuildPhase;
			buildActionMask = 2147483647;
			files = (
			);
			runOnlyForDeploymentPostprocessing = 0;
		};
/* End PBXFrameworksBuildPhase section */

/* Begin PBXGroup section */
		CD5B001A209859E70060CB84 = {
			isa = PBXGroup;
			children = (
				CD5B0025209859E70060CB84 /* Week09 */,
				CD5B0024209859E70060CB84 /* Products */,
			);
			sourceTree = "<group>";
		};
		CD5B0024209859E70060CB84 /* Products */ = {
			isa = PBXGroup;
			children = (
				CD5B0023209859E70060CB84 /* Week09.app */,
			);
			name = Products;
			sourceTree = "<group>";
		};
		CD5B0025209859E70060CB84 /* Week09 */ = {
			isa = PBXGroup;
			children = (
				CD5B0026209859E70060CB84 /* AppDelegate.swift */,
				CD5B0028209859E70060CB84 /* ViewController.swift */,
				CD5B002A209859E70060CB84 /* Main.storyboard */,
				CD5B002D209859E70060CB84 /* Assets.xcassets */,
				CD5B002F209859E70060CB84 /* LaunchScreen.storyboard */,
				CD5B0032209859E70060CB84 /* Info.plist */,
				CD5B003820985B4D0060CB84 /* LottoCell.swift */,
			);
			path = Week09;
			sourceTree = "<group>";
		};
/* End PBXGroup section */

/* Begin PBXNativeTarget section */
		CD5B0022209859E70060CB84 /* Week09 */ = {
			isa = PBXNativeTarget;
			buildConfigurationList = CD5B0035209859E70060CB84 /* Build configuration list for PBXNativeTarget "Week09" */;
			buildPhases = (
				CD5B001F209859E70060CB84 /* Sources */,
				CD5B0020209859E70060CB84 /* Frameworks */,
				CD5B0021209859E70060CB84 /* Resources */,
			);
			buildRules = (
			);
			dependencies = (
			);
			name = Week09;
			productName = Week09;
			productReference = CD5B0023209859E70060CB84 /* Week09.app */;
			productType = "com.apple.product-type.application";
		};
/* End PBXNativeTarget section */

/* Begin PBXProject section */
		CD5B001B209859E70060CB84 /* Project object */ = {
			isa = PBXProject;
			attributes = {
				LastSwiftUpdateCheck = 0920;
				LastUpgradeCheck = 0920;
				ORGANIZATIONNAME = SWUCOMPUTER;
				TargetAttributes = {
					CD5B0022209859E70060CB84 = {
						CreatedOnToolsVersion = 9.2;
						ProvisioningStyle = Automatic;
					};
				};
			};
			buildConfigurationList = CD5B001E209859E70060CB84 /* Build configuration list for PBXProject "Week09" */;
			compatibilityVersion = "Xcode 8.0";
			developmentRegion = en;
			hasScannedForEncodings = 0;
			knownRegions = (
				en,
				Base,
			);
			mainGroup = CD5B001A209859E70060CB84;
			productRefGroup = CD5B0024209859E70060CB84 /* Products */;
			projectDirPath = "";
			projectRoot = "";
			targets = (
				CD5B0022209859E70060CB84 /* Week09 */,
			);
		};
/* End PBXProject section */

/* Begin PBXResourcesBuildPhase section */
		CD5B0021209859E70060CB84 /* Resources */ = {
			isa = PBXResourcesBuildPhase;
			buildActionMask = 2147483647;
			files = (
				CD5B0031209859E70060CB84 /* LaunchScreen.storyboard in Resources */,
				CD5B002E209859E70060CB84 /* Assets.xcassets in Resources */,
				CD5B002C209859E70060CB84 /* Main.storyboard in Resources */,
			);
			runOnlyForDeploymentPostprocessing = 0;
		};
/* End PBXResourcesBuildPhase section */

/* Begin PBXSourcesBuildPhase section */
		CD5B001F209859E70060CB84 /* Sources */ = {
			isa = PBXSourcesBuildPhase;
			buildActionMask = 2147483647;
			files = (
				CD5B0029209859E70060CB84 /* ViewController.swift in Sources */,
				CD5B003920985B4D0060CB84 /* LottoCell.swift in Sources */,
				CD5B0027209859E70060CB84 /* AppDelegate.swift in Sources */,
			);
			runOnlyForDeploymentPostprocessing = 0;
		};
/* End PBXSourcesBuildPhase section */

/* Begin PBXVariantGroup section */
		CD5B002A209859E70060CB84 /* Main.storyboard */ = {
			isa = PBXVariantGroup;
			children = (
				CD5B002B209859E70060CB84 /* Base */,
			);
			name = Main.storyboard;
			sourceTree = "<group>";
		};
		CD5B002F209859E70060CB84 /* LaunchScreen.storyboard */ = {
			isa = PBXVariantGroup;
			children = (
				CD5B0030209859E70060CB84 /* Base */,
			);
			name = LaunchScreen.storyboard;
			sourceTree = "<group>";
		};
/* End PBXVariantGroup section */

/* Begin XCBuildConfiguration section */
		CD5B0033209859E70060CB84 /* Debug */ = {
			isa = XCBuildConfiguration;
			buildSettings = {
				ALWAYS_SEARCH_USER_PATHS = NO;
				CLANG_ANALYZER_NONNULL = YES;
				CLANG_ANALYZER_NUMBER_OBJECT_CONVERSION = YES_AGGRESSIVE;
				CLANG_CXX_LANGUAGE_STANDARD = "gnu++14";
				CLANG_CXX_LIBRARY = "libc++";
				CLANG_ENABLE_MODULES = YES;
				CLANG_ENABLE_OBJC_ARC = YES;
				CLANG_WARN_BLOCK_CAPTURE_AUTORELEASING = YES;
				CLANG_WARN_BOOL_CONVERSION = YES;
				CLANG_WARN_COMMA = YES;
				CLANG_WARN_CONSTANT_CONVERSION = YES;
				CLANG_WARN_DIRECT_OBJC_ISA_USAGE = YES_ERROR;
				CLANG_WARN_DOCUMENTATION_COMMENTS = YES;
				CLANG_WARN_EMPTY_BODY = YES;
				CLANG_WARN_ENUM_CONVERSION = YES;
				CLANG_WARN_INFINITE_RECURSION = YES;
				CLANG_WARN_INT_CONVERSION = YES;
				CLANG_WARN_NON_LITERAL_NULL_CONVERSION = YES;
				CLANG_WARN_OBJC_LITERAL_CONVERSION = YES;
				CLANG_WARN_OBJC_ROOT_CLASS = YES_ERROR;
				CLANG_WARN_RANGE_LOOP_ANALYSIS = YES;
				CLANG_WARN_STRICT_PROTOTYPES = YES;
				CLANG_WARN_SUSPICIOUS_MOVE = YES;
				CLANG_WARN_UNGUARDED_AVAILABILITY = YES_AGGRESSIVE;
				CLANG_WARN_UNREACHABLE_CODE = YES;
				CLANG_WARN__DUPLICATE_METHOD_MATCH = YES;
				CODE_SIGN_IDENTITY = "iPhone Developer";
				COPY_PHASE_STRIP = NO;
				DEBUG_INFORMATION_FORMAT = dwarf;
				ENABLE_STRICT_OBJC_MSGSEND = YES;
				ENABLE_TESTABILITY = YES;
				GCC_C_LANGUAGE_STANDARD = gnu11;
				GCC_DYNAMIC_NO_PIC = NO;
				GCC_NO_COMMON_BLOCKS = YES;
				GCC_OPTIMIZATION_LEVEL = 0;
				GCC_PREPROCESSOR_DEFINITIONS = (
					"DEBUG=1",
					"$(inherited)",
				);
				GCC_WARN_64_TO_32_BIT_CONVERSION = YES;
				GCC_WARN_ABOUT_RETURN_TYPE = YES_ERROR;
				GCC_WARN_UNDECLARED_SELECTOR = YES;
				GCC_WARN_UNINITIALIZED_AUTOS = YES_AGGRESSIVE;
				GCC_WARN_UNUSED_FUNCTION = YES;
				GCC_WARN_UNUSED_VARIABLE = YES;
				IPHONEOS_DEPLOYMENT_TARGET = 11.2;
				MTL_ENABLE_DEBUG_INFO = YES;
				ONLY_ACTIVE_ARCH = YES;
				SDKROOT = iphoneos;
				SWIFT_ACTIVE_COMPILATION_CONDITIONS = DEBUG;
				SWIFT_OPTIMIZATION_LEVEL = "-Onone";
			};
			name = Debug;
		};
		CD5B0034209859E70060CB84 /* Release */ = {
			isa = XCBuildConfiguration;
			buildSettings = {
				ALWAYS_SEARCH_USER_PATHS = NO;
				CLANG_ANALYZER_NONNULL = YES;
				CLANG_ANALYZER_NUMBER_OBJECT_CONVERSION = YES_AGGRESSIVE;
				CLANG_CXX_LANGUAGE_STANDARD = "gnu++14";
				CLANG_CXX_LIBRARY = "libc++";
				CLANG_ENABLE_MODULES = YES;
				CLANG_ENABLE_OBJC_ARC = YES;
				CLANG_WARN_BLOCK_CAPTURE_AUTORELEASING = YES;
				CLANG_WARN_BOOL_CONVERSION = YES;
				CLANG_WARN_COMMA = YES;
				CLANG_WARN_CONSTANT_CONVERSION = YES;
				CLANG_WARN_DIRECT_OBJC_ISA_USAGE = YES_ERROR;
				CLANG_WARN_DOCUMENTATION_COMMENTS = YES;
				CLANG_WARN_EMPTY_BODY = YES;
				CLANG_WARN_ENUM_CONVERSION = YES;
				CLANG_WARN_INFINITE_RECURSION = YES;
				CLANG_WARN_INT_CONVERSION = YES;
				CLANG_WARN_NON_LITERAL_NULL_CONVERSION = YES;
				CLANG_WARN_OBJC_LITERAL_CONVERSION = YES;
				CLANG_WARN_OBJC_ROOT_CLASS = YES_ERROR;
				CLANG_WARN_RANGE_LOOP_ANALYSIS = YES;
				CLANG_WARN_STRICT_PROTOTYPES = YES;
				CLANG_WARN_SUSPICIOUS_MOVE = YES;
				CLANG_WARN_UNGUARDED_AVAILABILITY = YES_AGGRESSIVE;
				CLANG_WARN_UNREACHABLE_CODE = YES;
				CLANG_WARN__DUPLICATE_METHOD_MATCH = YES;
				CODE_SIGN_IDENTITY = "iPhone Developer";
				COPY_PHASE_STRIP = NO;
				DEBUG_INFORMATION_FORMAT = "dwarf-with-dsym";
				ENABLE_NS_ASSERTIONS = NO;
				ENABLE_STRICT_OBJC_MSGSEND = YES;
				GCC_C_LANGUAGE_STANDARD = gnu11;
				GCC_NO_COMMON_BLOCKS = YES;
				GCC_WARN_64_TO_32_BIT_CONVERSION = YES;
				GCC_WARN_ABOUT_RETURN_TYPE = YES_ERROR;
				GCC_WARN_UNDECLARED_SELECTOR = YES;
				GCC_WARN_UNINITIALIZED_AUTOS = YES_AGGRESSIVE;
				GCC_WARN_UNUSED_FUNCTION = YES;
				GCC_WARN_UNUSED_VARIABLE = YES;
				IPHONEOS_DEPLOYMENT_TARGET = 11.2;
				MTL_ENABLE_DEBUG_INFO = NO;
				SDKROOT = iphoneos;
				SWIFT_OPTIMIZATION_LEVEL = "-Owholemodule";
				VALIDATE_PRODUCT = YES;
			};
			name = Release;
		};
		CD5B0036209859E70060CB84 /* Debug */ = {
			isa = XCBuildConfiguration;
			buildSettings = {
				ASSETCATALOG_COMPILER_APPICON_NAME = AppIcon;
				CODE_SIGN_STYLE = Automatic;
				INFOPLIST_FILE = Week09/Info.plist;
				LD_RUNPATH_SEARCH_PATHS = "$(inherited) @executable_path/Frameworks";
				PRODUCT_BUNDLE_IDENTIFIER = swu.ac.kr.Week09;
				PRODUCT_NAME = "$(TARGET_NAME)";
				SWIFT_VERSION = 4.0;
				TARGETED_DEVICE_FAMILY = "1,2";
			};
			name = Debug;
		};
		CD5B0037209859E70060CB84 /* Release */ = {
			isa = XCBuildConfiguration;
			buildSettings = {
				ASSETCATALOG_COMPILER_APPICON_NAME = AppIcon;
				CODE_SIGN_STYLE = Automatic;
				INFOPLIST_FILE = Week09/Info.plist;
				LD_RUNPATH_SEARCH_PATHS = "$(inherited) @executable_path/Frameworks";
				PRODUCT_BUNDLE_IDENTIFIER = swu.ac.kr.Week09;
				PRODUCT_NAME = "$(TARGET_NAME)";
				SWIFT_VERSION = 4.0;
				TARGETED_DEVICE_FAMILY = "1,2";
			};
			name = Release;
		};
/* End XCBuildConfiguration section */

/* Begin XCConfigurationList section */
		CD5B001E209859E70060CB84 /* Build configuration list for PBXProject "Week09" */ = {
			isa = XCConfigurationList;
			buildConfigurations = (
				CD5B0033209859E70060CB84 /* Debug */,
				CD5B0034209859E70060CB84 /* Release */,
			);
			defaultConfigurationIsVisible = 0;
			defaultConfigurationName = Release;
		};
		CD5B0035209859E70060CB84 /* Build configuration list for PBXNativeTarget "Week09" */ = {
			isa = XCConfigurationList;
			buildConfigurations = (
				CD5B0036209859E70060CB84 /* Debug */,
				CD5B0037209859E70060CB84 /* Release */,
			);
			defaultConfigurationIsVisible = 0;
			defaultConfigurationName = Release;
		};
/* End XCConfigurationList section */
	};
	rootObject = CD5B001B209859E70060CB84 /* Project object */;
}
