// !$*UTF8*$!
{
	archiveVersion = 1;
	classes = {
	};
	objectVersion = 48;
	objects = {

/* Begin PBXBuildFile section */
		CD4F34D620BD2F0C004C627E /* InsertViewController.swift in Sources */ = {isa = PBXBuildFile; fileRef = CD4F34D520BD2F0C004C627E /* InsertViewController.swift */; };
		CD4F34D820BD3E11004C627E /* FavoriteData.swift in Sources */ = {isa = PBXBuildFile; fileRef = CD4F34D720BD3E11004C627E /* FavoriteData.swift */; };
		CD4F34DA20BD4898004C627E /* DetailViewController.swift in Sources */ = {isa = PBXBuildFile; fileRef = CD4F34D920BD4898004C627E /* DetailViewController.swift */; };
		CD8E06FC20AAB44300712D14 /* AppDelegate.swift in Sources */ = {isa = PBXBuildFile; fileRef = CD8E06FB20AAB44300712D14 /* AppDelegate.swift */; };
		CD8E06FE20AAB44300712D14 /* ViewController.swift in Sources */ = {isa = PBXBuildFile; fileRef = CD8E06FD20AAB44300712D14 /* ViewController.swift */; };
		CD8E070120AAB44300712D14 /* Main.storyboard in Resources */ = {isa = PBXBuildFile; fileRef = CD8E06FF20AAB44300712D14 /* Main.storyboard */; };
		CD8E070320AAB44300712D14 /* Assets.xcassets in Resources */ = {isa = PBXBuildFile; fileRef = CD8E070220AAB44300712D14 /* Assets.xcassets */; };
		CD8E070620AAB44300712D14 /* LaunchScreen.storyboard in Resources */ = {isa = PBXBuildFile; fileRef = CD8E070420AAB44300712D14 /* LaunchScreen.storyboard */; };
		CD8E070E20AAB59C00712D14 /* CreateViewController.swift in Sources */ = {isa = PBXBuildFile; fileRef = CD8E070D20AAB59C00712D14 /* CreateViewController.swift */; };
		CD8E071220AAC8DB00712D14 /* FavoriteTableViewController.swift in Sources */ = {isa = PBXBuildFile; fileRef = CD8E071120AAC8DB00712D14 /* FavoriteTableViewController.swift */; };
/* End PBXBuildFile section */

/* Begin PBXFileReference section */
		CD4F34D520BD2F0C004C627E /* InsertViewController.swift */ = {isa = PBXFileReference; lastKnownFileType = sourcecode.swift; path = InsertViewController.swift; sourceTree = "<group>"; };
		CD4F34D720BD3E11004C627E /* FavoriteData.swift */ = {isa = PBXFileReference; lastKnownFileType = sourcecode.swift; path = FavoriteData.swift; sourceTree = "<group>"; };
		CD4F34D920BD4898004C627E /* DetailViewController.swift */ = {isa = PBXFileReference; lastKnownFileType = sourcecode.swift; path = DetailViewController.swift; sourceTree = "<group>"; };
		CD8E06F820AAB44300712D14 /* Login.app */ = {isa = PBXFileReference; explicitFileType = wrapper.application; includeInIndex = 0; path = Login.app; sourceTree = BUILT_PRODUCTS_DIR; };
		CD8E06FB20AAB44300712D14 /* AppDelegate.swift */ = {isa = PBXFileReference; lastKnownFileType = sourcecode.swift; path = AppDelegate.swift; sourceTree = "<group>"; };
		CD8E06FD20AAB44300712D14 /* ViewController.swift */ = {isa = PBXFileReference; lastKnownFileType = sourcecode.swift; path = ViewController.swift; sourceTree = "<group>"; };
		CD8E070020AAB44300712D14 /* Base */ = {isa = PBXFileReference; lastKnownFileType = file.storyboard; name = Base; path = Base.lproj/Main.storyboard; sourceTree = "<group>"; };
		CD8E070220AAB44300712D14 /* Assets.xcassets */ = {isa = PBXFileReference; lastKnownFileType = folder.assetcatalog; path = Assets.xcassets; sourceTree = "<group>"; };
		CD8E070520AAB44300712D14 /* Base */ = {isa = PBXFileReference; lastKnownFileType = file.storyboard; name = Base; path = Base.lproj/LaunchScreen.storyboard; sourceTree = "<group>"; };
		CD8E070720AAB44300712D14 /* Info.plist */ = {isa = PBXFileReference; lastKnownFileType = text.plist.xml; path = Info.plist; sourceTree = "<group>"; };
		CD8E070D20AAB59C00712D14 /* CreateViewController.swift */ = {isa = PBXFileReference; lastKnownFileType = sourcecode.swift; path = CreateViewController.swift; sourceTree = "<group>"; };
		CD8E071120AAC8DB00712D14 /* FavoriteTableViewController.swift */ = {isa = PBXFileReference; lastKnownFileType = sourcecode.swift; path = FavoriteTableViewController.swift; sourceTree = "<group>"; };
/* End PBXFileReference section */

/* Begin PBXFrameworksBuildPhase section */
		CD8E06F520AAB44300712D14 /* Frameworks */ = {
			isa = PBXFrameworksBuildPhase;
			buildActionMask = 2147483647;
			files = (
			);
			runOnlyForDeploymentPostprocessing = 0;
		};
/* End PBXFrameworksBuildPhase section */

/* Begin PBXGroup section */
		CD8E06EF20AAB44300712D14 = {
			isa = PBXGroup;
			children = (
				CD8E06FA20AAB44300712D14 /* Login */,
				CD8E06F920AAB44300712D14 /* Products */,
			);
			sourceTree = "<group>";
		};
		CD8E06F920AAB44300712D14 /* Products */ = {
			isa = PBXGroup;
			children = (
				CD8E06F820AAB44300712D14 /* Login.app */,
			);
			name = Products;
			sourceTree = "<group>";
		};
		CD8E06FA20AAB44300712D14 /* Login */ = {
			isa = PBXGroup;
			children = (
				CD8E06FB20AAB44300712D14 /* AppDelegate.swift */,
				CD8E06FD20AAB44300712D14 /* ViewController.swift */,
				CD8E06FF20AAB44300712D14 /* Main.storyboard */,
				CD8E070220AAB44300712D14 /* Assets.xcassets */,
				CD8E070420AAB44300712D14 /* LaunchScreen.storyboard */,
				CD8E070720AAB44300712D14 /* Info.plist */,
				CD8E070D20AAB59C00712D14 /* CreateViewController.swift */,
				CD8E071120AAC8DB00712D14 /* FavoriteTableViewController.swift */,
				CD4F34D520BD2F0C004C627E /* InsertViewController.swift */,
				CD4F34D720BD3E11004C627E /* FavoriteData.swift */,
				CD4F34D920BD4898004C627E /* DetailViewController.swift */,
			);
			path = Login;
			sourceTree = "<group>";
		};
/* End PBXGroup section */

/* Begin PBXNativeTarget section */
		CD8E06F720AAB44300712D14 /* Login */ = {
			isa = PBXNativeTarget;
			buildConfigurationList = CD8E070A20AAB44300712D14 /* Build configuration list for PBXNativeTarget "Login" */;
			buildPhases = (
				CD8E06F420AAB44300712D14 /* Sources */,
				CD8E06F520AAB44300712D14 /* Frameworks */,
				CD8E06F620AAB44300712D14 /* Resources */,
			);
			buildRules = (
			);
			dependencies = (
			);
			name = Login;
			productName = Login;
			productReference = CD8E06F820AAB44300712D14 /* Login.app */;
			productType = "com.apple.product-type.application";
		};
/* End PBXNativeTarget section */

/* Begin PBXProject section */
		CD8E06F020AAB44300712D14 /* Project object */ = {
			isa = PBXProject;
			attributes = {
				LastSwiftUpdateCheck = 0920;
				LastUpgradeCheck = 0920;
				ORGANIZATIONNAME = SWUCOMPUTER;
				TargetAttributes = {
					CD8E06F720AAB44300712D14 = {
						CreatedOnToolsVersion = 9.2;
						ProvisioningStyle = Automatic;
					};
				};
			};
			buildConfigurationList = CD8E06F320AAB44300712D14 /* Build configuration list for PBXProject "Login" */;
			compatibilityVersion = "Xcode 8.0";
			developmentRegion = en;
			hasScannedForEncodings = 0;
			knownRegions = (
				en,
				Base,
			);
			mainGroup = CD8E06EF20AAB44300712D14;
			productRefGroup = CD8E06F920AAB44300712D14 /* Products */;
			projectDirPath = "";
			projectRoot = "";
			targets = (
				CD8E06F720AAB44300712D14 /* Login */,
			);
		};
/* End PBXProject section */

/* Begin PBXResourcesBuildPhase section */
		CD8E06F620AAB44300712D14 /* Resources */ = {
			isa = PBXResourcesBuildPhase;
			buildActionMask = 2147483647;
			files = (
				CD8E070620AAB44300712D14 /* LaunchScreen.storyboard in Resources */,
				CD8E070320AAB44300712D14 /* Assets.xcassets in Resources */,
				CD8E070120AAB44300712D14 /* Main.storyboard in Resources */,
			);
			runOnlyForDeploymentPostprocessing = 0;
		};
/* End PBXResourcesBuildPhase section */

/* Begin PBXSourcesBuildPhase section */
		CD8E06F420AAB44300712D14 /* Sources */ = {
			isa = PBXSourcesBuildPhase;
			buildActionMask = 2147483647;
			files = (
				CD8E06FE20AAB44300712D14 /* ViewController.swift in Sources */,
				CD8E071220AAC8DB00712D14 /* FavoriteTableViewController.swift in Sources */,
				CD8E06FC20AAB44300712D14 /* AppDelegate.swift in Sources */,
				CD4F34D820BD3E11004C627E /* FavoriteData.swift in Sources */,
				CD4F34D620BD2F0C004C627E /* InsertViewController.swift in Sources */,
				CD8E070E20AAB59C00712D14 /* CreateViewController.swift in Sources */,
				CD4F34DA20BD4898004C627E /* DetailViewController.swift in Sources */,
			);
			runOnlyForDeploymentPostprocessing = 0;
		};
/* End PBXSourcesBuildPhase section */

/* Begin PBXVariantGroup section */
		CD8E06FF20AAB44300712D14 /* Main.storyboard */ = {
			isa = PBXVariantGroup;
			children = (
				CD8E070020AAB44300712D14 /* Base */,
			);
			name = Main.storyboard;
			sourceTree = "<group>";
		};
		CD8E070420AAB44300712D14 /* LaunchScreen.storyboard */ = {
			isa = PBXVariantGroup;
			children = (
				CD8E070520AAB44300712D14 /* Base */,
			);
			name = LaunchScreen.storyboard;
			sourceTree = "<group>";
		};
/* End PBXVariantGroup section */

/* Begin XCBuildConfiguration section */
		CD8E070820AAB44300712D14 /* Debug */ = {
			isa = XCBuildConfiguration;
			buildSettings = {
				ALWAYS_SEARCH_USER_PATHS = NO;
				CLANG_ANALYZER_NONNULL = YES;
				CLANG_ANALYZER_NUMBER_OBJECT_CONVERSION = YES_AGGRESSIVE;
				CLANG_CXX_LANGUAGE_STANDARD = "gnu++14";
				CLANG_CXX_LIBRARY = "libc++";
				CLANG_ENABLE_MODULES = YES;
				CLANG_ENABLE_OBJC_ARC = YES;
				CLANG_WARN_BLOCK_CAPTURE_AUTORELEASING = YES;
				CLANG_WARN_BOOL_CONVERSION = YES;
				CLANG_WARN_COMMA = YES;
				CLANG_WARN_CONSTANT_CONVERSION = YES;
				CLANG_WARN_DIRECT_OBJC_ISA_USAGE = YES_ERROR;
				CLANG_WARN_DOCUMENTATION_COMMENTS = YES;
				CLANG_WARN_EMPTY_BODY = YES;
				CLANG_WARN_ENUM_CONVERSION = YES;
				CLANG_WARN_INFINITE_RECURSION = YES;
				CLANG_WARN_INT_CONVERSION = YES;
				CLANG_WARN_NON_LITERAL_NULL_CONVERSION = YES;
				CLANG_WARN_OBJC_LITERAL_CONVERSION = YES;
				CLANG_WARN_OBJC_ROOT_CLASS = YES_ERROR;
				CLANG_WARN_RANGE_LOOP_ANALYSIS = YES;
				CLANG_WARN_STRICT_PROTOTYPES = YES;
				CLANG_WARN_SUSPICIOUS_MOVE = YES;
				CLANG_WARN_UNGUARDED_AVAILABILITY = YES_AGGRESSIVE;
				CLANG_WARN_UNREACHABLE_CODE = YES;
				CLANG_WARN__DUPLICATE_METHOD_MATCH = YES;
				CODE_SIGN_IDENTITY = "iPhone Developer";
				COPY_PHASE_STRIP = NO;
				DEBUG_INFORMATION_FORMAT = dwarf;
				ENABLE_STRICT_OBJC_MSGSEND = YES;
				ENABLE_TESTABILITY = YES;
				GCC_C_LANGUAGE_STANDARD = gnu11;
				GCC_DYNAMIC_NO_PIC = NO;
				GCC_NO_COMMON_BLOCKS = YES;
				GCC_OPTIMIZATION_LEVEL = 0;
				GCC_PREPROCESSOR_DEFINITIONS = (
					"DEBUG=1",
					"$(inherited)",
				);
				GCC_WARN_64_TO_32_BIT_CONVERSION = YES;
				GCC_WARN_ABOUT_RETURN_TYPE = YES_ERROR;
				GCC_WARN_UNDECLARED_SELECTOR = YES;
				GCC_WARN_UNINITIALIZED_AUTOS = YES_AGGRESSIVE;
				GCC_WARN_UNUSED_FUNCTION = YES;
				GCC_WARN_UNUSED_VARIABLE = YES;
				IPHONEOS_DEPLOYMENT_TARGET = 11.2;
				MTL_ENABLE_DEBUG_INFO = YES;
				ONLY_ACTIVE_ARCH = YES;
				SDKROOT = iphoneos;
				SWIFT_ACTIVE_COMPILATION_CONDITIONS = DEBUG;
				SWIFT_OPTIMIZATION_LEVEL = "-Onone";
			};
			name = Debug;
		};
		CD8E070920AAB44300712D14 /* Release */ = {
			isa = XCBuildConfiguration;
			buildSettings = {
				ALWAYS_SEARCH_USER_PATHS = NO;
				CLANG_ANALYZER_NONNULL = YES;
				CLANG_ANALYZER_NUMBER_OBJECT_CONVERSION = YES_AGGRESSIVE;
				CLANG_CXX_LANGUAGE_STANDARD = "gnu++14";
				CLANG_CXX_LIBRARY = "libc++";
				CLANG_ENABLE_MODULES = YES;
				CLANG_ENABLE_OBJC_ARC = YES;
				CLANG_WARN_BLOCK_CAPTURE_AUTORELEASING = YES;
				CLANG_WARN_BOOL_CONVERSION = YES;
				CLANG_WARN_COMMA = YES;
				CLANG_WARN_CONSTANT_CONVERSION = YES;
				CLANG_WARN_DIRECT_OBJC_ISA_USAGE = YES_ERROR;
				CLANG_WARN_DOCUMENTATION_COMMENTS = YES;
				CLANG_WARN_EMPTY_BODY = YES;
				CLANG_WARN_ENUM_CONVERSION = YES;
				CLANG_WARN_INFINITE_RECURSION = YES;
				CLANG_WARN_INT_CONVERSION = YES;
				CLANG_WARN_NON_LITERAL_NULL_CONVERSION = YES;
				CLANG_WARN_OBJC_LITERAL_CONVERSION = YES;
				CLANG_WARN_OBJC_ROOT_CLASS = YES_ERROR;
				CLANG_WARN_RANGE_LOOP_ANALYSIS = YES;
				CLANG_WARN_STRICT_PROTOTYPES = YES;
				CLANG_WARN_SUSPICIOUS_MOVE = YES;
				CLANG_WARN_UNGUARDED_AVAILABILITY = YES_AGGRESSIVE;
				CLANG_WARN_UNREACHABLE_CODE = YES;
				CLANG_WARN__DUPLICATE_METHOD_MATCH = YES;
				CODE_SIGN_IDENTITY = "iPhone Developer";
				COPY_PHASE_STRIP = NO;
				DEBUG_INFORMATION_FORMAT = "dwarf-with-dsym";
				ENABLE_NS_ASSERTIONS = NO;
				ENABLE_STRICT_OBJC_MSGSEND = YES;
				GCC_C_LANGUAGE_STANDARD = gnu11;
				GCC_NO_COMMON_BLOCKS = YES;
				GCC_WARN_64_TO_32_BIT_CONVERSION = YES;
				GCC_WARN_ABOUT_RETURN_TYPE = YES_ERROR;
				GCC_WARN_UNDECLARED_SELECTOR = YES;
				GCC_WARN_UNINITIALIZED_AUTOS = YES_AGGRESSIVE;
				GCC_WARN_UNUSED_FUNCTION = YES;
				GCC_WARN_UNUSED_VARIABLE = YES;
				IPHONEOS_DEPLOYMENT_TARGET = 11.2;
				MTL_ENABLE_DEBUG_INFO = NO;
				SDKROOT = iphoneos;
				SWIFT_OPTIMIZATION_LEVEL = "-Owholemodule";
				VALIDATE_PRODUCT = YES;
			};
			name = Release;
		};
		CD8E070B20AAB44300712D14 /* Debug */ = {
			isa = XCBuildConfiguration;
			buildSettings = {
				ASSETCATALOG_COMPILER_APPICON_NAME = AppIcon;
				CODE_SIGN_STYLE = Automatic;
				INFOPLIST_FILE = Login/Info.plist;
				LD_RUNPATH_SEARCH_PATHS = "$(inherited) @executable_path/Frameworks";
				PRODUCT_BUNDLE_IDENTIFIER = swu.ac.kr.Login;
				PRODUCT_NAME = "$(TARGET_NAME)";
				SWIFT_VERSION = 4.0;
				TARGETED_DEVICE_FAMILY = "1,2";
			};
			name = Debug;
		};
		CD8E070C20AAB44300712D14 /* Release */ = {
			isa = XCBuildConfiguration;
			buildSettings = {
				ASSETCATALOG_COMPILER_APPICON_NAME = AppIcon;
				CODE_SIGN_STYLE = Automatic;
				INFOPLIST_FILE = Login/Info.plist;
				LD_RUNPATH_SEARCH_PATHS = "$(inherited) @executable_path/Frameworks";
				PRODUCT_BUNDLE_IDENTIFIER = swu.ac.kr.Login;
				PRODUCT_NAME = "$(TARGET_NAME)";
				SWIFT_VERSION = 4.0;
				TARGETED_DEVICE_FAMILY = "1,2";
			};
			name = Release;
		};
/* End XCBuildConfiguration section */

/* Begin XCConfigurationList section */
		CD8E06F320AAB44300712D14 /* Build configuration list for PBXProject "Login" */ = {
			isa = XCConfigurationList;
			buildConfigurations = (
				CD8E070820AAB44300712D14 /* Debug */,
				CD8E070920AAB44300712D14 /* Release */,
			);
			defaultConfigurationIsVisible = 0;
			defaultConfigurationName = Release;
		};
		CD8E070A20AAB44300712D14 /* Build configuration list for PBXNativeTarget "Login" */ = {
			isa = XCConfigurationList;
			buildConfigurations = (
				CD8E070B20AAB44300712D14 /* Debug */,
				CD8E070C20AAB44300712D14 /* Release */,
			);
			defaultConfigurationIsVisible = 0;
			defaultConfigurationName = Release;
		};
/* End XCConfigurationList section */
	};
	rootObject = CD8E06F020AAB44300712D14 /* Project object */;
}
