// !$*UTF8*$!
{
	archiveVersion = 1;
	classes = {
	};
	objectVersion = 50;
	objects = {

/* Begin PBXBuildFile section */
		CD29E20420CF9B26005C4262 /* AppDelegate.swift in Sources */ = {isa = PBXBuildFile; fileRef = CD29E20320CF9B26005C4262 /* AppDelegate.swift */; };
		CD29E20620CF9B26005C4262 /* FirstViewController.swift in Sources */ = {isa = PBXBuildFile; fileRef = CD29E20520CF9B26005C4262 /* FirstViewController.swift */; };
		CD29E20820CF9B26005C4262 /* SecondViewController.swift in Sources */ = {isa = PBXBuildFile; fileRef = CD29E20720CF9B26005C4262 /* SecondViewController.swift */; };
		CD29E20B20CF9B26005C4262 /* Main.storyboard in Resources */ = {isa = PBXBuildFile; fileRef = CD29E20920CF9B26005C4262 /* Main.storyboard */; };
		CD29E20D20CF9B28005C4262 /* Assets.xcassets in Resources */ = {isa = PBXBuildFile; fileRef = CD29E20C20CF9B28005C4262 /* Assets.xcassets */; };
		CD29E21020CF9B28005C4262 /* LaunchScreen.storyboard in Resources */ = {isa = PBXBuildFile; fileRef = CD29E20E20CF9B28005C4262 /* LaunchScreen.storyboard */; };
		CD29E21820CFA071005C4262 /* ThirdTableViewController.swift in Sources */ = {isa = PBXBuildFile; fileRef = CD29E21720CFA071005C4262 /* ThirdTableViewController.swift */; };
/* End PBXBuildFile section */

/* Begin PBXFileReference section */
		CD29E20020CF9B26005C4262 /* Tab14.app */ = {isa = PBXFileReference; explicitFileType = wrapper.application; includeInIndex = 0; path = Tab14.app; sourceTree = BUILT_PRODUCTS_DIR; };
		CD29E20320CF9B26005C4262 /* AppDelegate.swift */ = {isa = PBXFileReference; lastKnownFileType = sourcecode.swift; path = AppDelegate.swift; sourceTree = "<group>"; };
		CD29E20520CF9B26005C4262 /* FirstViewController.swift */ = {isa = PBXFileReference; lastKnownFileType = sourcecode.swift; path = FirstViewController.swift; sourceTree = "<group>"; };
		CD29E20720CF9B26005C4262 /* SecondViewController.swift */ = {isa = PBXFileReference; lastKnownFileType = sourcecode.swift; path = SecondViewController.swift; sourceTree = "<group>"; };
		CD29E20A20CF9B26005C4262 /* Base */ = {isa = PBXFileReference; lastKnownFileType = file.storyboard; name = Base; path = Base.lproj/Main.storyboard; sourceTree = "<group>"; };
		CD29E20C20CF9B28005C4262 /* Assets.xcassets */ = {isa = PBXFileReference; lastKnownFileType = folder.assetcatalog; path = Assets.xcassets; sourceTree = "<group>"; };
		CD29E20F20CF9B28005C4262 /* Base */ = {isa = PBXFileReference; lastKnownFileType = file.storyboard; name = Base; path = Base.lproj/LaunchScreen.storyboard; sourceTree = "<group>"; };
		CD29E21120CF9B28005C4262 /* Info.plist */ = {isa = PBXFileReference; lastKnownFileType = text.plist.xml; path = Info.plist; sourceTree = "<group>"; };
		CD29E21720CFA071005C4262 /* ThirdTableViewController.swift */ = {isa = PBXFileReference; lastKnownFileType = sourcecode.swift; path = ThirdTableViewController.swift; sourceTree = "<group>"; };
/* End PBXFileReference section */

/* Begin PBXFrameworksBuildPhase section */
		CD29E1FD20CF9B26005C4262 /* Frameworks */ = {
			isa = PBXFrameworksBuildPhase;
			buildActionMask = 2147483647;
			files = (
			);
			runOnlyForDeploymentPostprocessing = 0;
		};
/* End PBXFrameworksBuildPhase section */

/* Begin PBXGroup section */
		CD29E1F720CF9B26005C4262 = {
			isa = PBXGroup;
			children = (
				CD29E20220CF9B26005C4262 /* Tab14 */,
				CD29E20120CF9B26005C4262 /* Products */,
			);
			sourceTree = "<group>";
		};
		CD29E20120CF9B26005C4262 /* Products */ = {
			isa = PBXGroup;
			children = (
				CD29E20020CF9B26005C4262 /* Tab14.app */,
			);
			name = Products;
			sourceTree = "<group>";
		};
		CD29E20220CF9B26005C4262 /* Tab14 */ = {
			isa = PBXGroup;
			children = (
				CD29E20320CF9B26005C4262 /* AppDelegate.swift */,
				CD29E20520CF9B26005C4262 /* FirstViewController.swift */,
				CD29E21120CF9B28005C4262 /* Info.plist */,
				CD29E20720CF9B26005C4262 /* SecondViewController.swift */,
				CD29E20920CF9B26005C4262 /* Main.storyboard */,
				CD29E20C20CF9B28005C4262 /* Assets.xcassets */,
				CD29E20E20CF9B28005C4262 /* LaunchScreen.storyboard */,
				CD29E21720CFA071005C4262 /* ThirdTableViewController.swift */,
			);
			path = Tab14;
			sourceTree = "<group>";
		};
/* End PBXGroup section */

/* Begin PBXNativeTarget section */
		CD29E1FF20CF9B26005C4262 /* Tab14 */ = {
			isa = PBXNativeTarget;
			buildConfigurationList = CD29E21420CF9B28005C4262 /* Build configuration list for PBXNativeTarget "Tab14" */;
			buildPhases = (
				CD29E1FC20CF9B26005C4262 /* Sources */,
				CD29E1FD20CF9B26005C4262 /* Frameworks */,
				CD29E1FE20CF9B26005C4262 /* Resources */,
			);
			buildRules = (
			);
			dependencies = (
			);
			name = Tab14;
			productName = Tab14;
			productReference = CD29E20020CF9B26005C4262 /* Tab14.app */;
			productType = "com.apple.product-type.application";
		};
/* End PBXNativeTarget section */

/* Begin PBXProject section */
		CD29E1F820CF9B26005C4262 /* Project object */ = {
			isa = PBXProject;
			attributes = {
				LastSwiftUpdateCheck = 0930;
				LastUpgradeCheck = 0930;
				ORGANIZATIONNAME = SWUCOMPUTER;
				TargetAttributes = {
					CD29E1FF20CF9B26005C4262 = {
						CreatedOnToolsVersion = 9.3.1;
					};
				};
			};
			buildConfigurationList = CD29E1FB20CF9B26005C4262 /* Build configuration list for PBXProject "Tab14" */;
			compatibilityVersion = "Xcode 9.3";
			developmentRegion = en;
			hasScannedForEncodings = 0;
			knownRegions = (
				en,
				Base,
			);
			mainGroup = CD29E1F720CF9B26005C4262;
			productRefGroup = CD29E20120CF9B26005C4262 /* Products */;
			projectDirPath = "";
			projectRoot = "";
			targets = (
				CD29E1FF20CF9B26005C4262 /* Tab14 */,
			);
		};
/* End PBXProject section */

/* Begin PBXResourcesBuildPhase section */
		CD29E1FE20CF9B26005C4262 /* Resources */ = {
			isa = PBXResourcesBuildPhase;
			buildActionMask = 2147483647;
			files = (
				CD29E21020CF9B28005C4262 /* LaunchScreen.storyboard in Resources */,
				CD29E20D20CF9B28005C4262 /* Assets.xcassets in Resources */,
				CD29E20B20CF9B26005C4262 /* Main.storyboard in Resources */,
			);
			runOnlyForDeploymentPostprocessing = 0;
		};
/* End PBXResourcesBuildPhase section */

/* Begin PBXSourcesBuildPhase section */
		CD29E1FC20CF9B26005C4262 /* Sources */ = {
			isa = PBXSourcesBuildPhase;
			buildActionMask = 2147483647;
			files = (
				CD29E20820CF9B26005C4262 /* SecondViewController.swift in Sources */,
				CD29E20420CF9B26005C4262 /* AppDelegate.swift in Sources */,
				CD29E20620CF9B26005C4262 /* FirstViewController.swift in Sources */,
				CD29E21820CFA071005C4262 /* ThirdTableViewController.swift in Sources */,
			);
			runOnlyForDeploymentPostprocessing = 0;
		};
/* End PBXSourcesBuildPhase section */

/* Begin PBXVariantGroup section */
		CD29E20920CF9B26005C4262 /* Main.storyboard */ = {
			isa = PBXVariantGroup;
			children = (
				CD29E20A20CF9B26005C4262 /* Base */,
			);
			name = Main.storyboard;
			sourceTree = "<group>";
		};
		CD29E20E20CF9B28005C4262 /* LaunchScreen.storyboard */ = {
			isa = PBXVariantGroup;
			children = (
				CD29E20F20CF9B28005C4262 /* Base */,
			);
			name = LaunchScreen.storyboard;
			sourceTree = "<group>";
		};
/* End PBXVariantGroup section */

/* Begin XCBuildConfiguration section */
		CD29E21220CF9B28005C4262 /* Debug */ = {
			isa = XCBuildConfiguration;
			buildSettings = {
				ALWAYS_SEARCH_USER_PATHS = NO;
				CLANG_ANALYZER_NONNULL = YES;
				CLANG_ANALYZER_NUMBER_OBJECT_CONVERSION = YES_AGGRESSIVE;
				CLANG_CXX_LANGUAGE_STANDARD = "gnu++14";
				CLANG_CXX_LIBRARY = "libc++";
				CLANG_ENABLE_MODULES = YES;
				CLANG_ENABLE_OBJC_ARC = YES;
				CLANG_ENABLE_OBJC_WEAK = YES;
				CLANG_WARN_BLOCK_CAPTURE_AUTORELEASING = YES;
				CLANG_WARN_BOOL_CONVERSION = YES;
				CLANG_WARN_COMMA = YES;
				CLANG_WARN_CONSTANT_CONVERSION = YES;
				CLANG_WARN_DEPRECATED_OBJC_IMPLEMENTATIONS = YES;
				CLANG_WARN_DIRECT_OBJC_ISA_USAGE = YES_ERROR;
				CLANG_WARN_DOCUMENTATION_COMMENTS = YES;
				CLANG_WARN_EMPTY_BODY = YES;
				CLANG_WARN_ENUM_CONVERSION = YES;
				CLANG_WARN_INFINITE_RECURSION = YES;
				CLANG_WARN_INT_CONVERSION = YES;
				CLANG_WARN_NON_LITERAL_NULL_CONVERSION = YES;
				CLANG_WARN_OBJC_IMPLICIT_RETAIN_SELF = YES;
				CLANG_WARN_OBJC_LITERAL_CONVERSION = YES;
				CLANG_WARN_OBJC_ROOT_CLASS = YES_ERROR;
				CLANG_WARN_RANGE_LOOP_ANALYSIS = YES;
				CLANG_WARN_STRICT_PROTOTYPES = YES;
				CLANG_WARN_SUSPICIOUS_MOVE = YES;
				CLANG_WARN_UNGUARDED_AVAILABILITY = YES_AGGRESSIVE;
				CLANG_WARN_UNREACHABLE_CODE = YES;
				CLANG_WARN__DUPLICATE_METHOD_MATCH = YES;
				CODE_SIGN_IDENTITY = "iPhone Developer";
				COPY_PHASE_STRIP = NO;
				DEBUG_INFORMATION_FORMAT = dwarf;
				ENABLE_STRICT_OBJC_MSGSEND = YES;
				ENABLE_TESTABILITY = YES;
				GCC_C_LANGUAGE_STANDARD = gnu11;
				GCC_DYNAMIC_NO_PIC = NO;
				GCC_NO_COMMON_BLOCKS = YES;
				GCC_OPTIMIZATION_LEVEL = 0;
				GCC_PREPROCESSOR_DEFINITIONS = (
					"DEBUG=1",
					"$(inherited)",
				);
				GCC_WARN_64_TO_32_BIT_CONVERSION = YES;
				GCC_WARN_ABOUT_RETURN_TYPE = YES_ERROR;
				GCC_WARN_UNDECLARED_SELECTOR = YES;
				GCC_WARN_UNINITIALIZED_AUTOS = YES_AGGRESSIVE;
				GCC_WARN_UNUSED_FUNCTION = YES;
				GCC_WARN_UNUSED_VARIABLE = YES;
				IPHONEOS_DEPLOYMENT_TARGET = 11.3;
				MTL_ENABLE_DEBUG_INFO = YES;
				ONLY_ACTIVE_ARCH = YES;
				SDKROOT = iphoneos;
				SWIFT_ACTIVE_COMPILATION_CONDITIONS = DEBUG;
				SWIFT_OPTIMIZATION_LEVEL = "-Onone";
			};
			name = Debug;
		};
		CD29E21320CF9B28005C4262 /* Release */ = {
			isa = XCBuildConfiguration;
			buildSettings = {
				ALWAYS_SEARCH_USER_PATHS = NO;
				CLANG_ANALYZER_NONNULL = YES;
				CLANG_ANALYZER_NUMBER_OBJECT_CONVERSION = YES_AGGRESSIVE;
				CLANG_CXX_LANGUAGE_STANDARD = "gnu++14";
				CLANG_CXX_LIBRARY = "libc++";
				CLANG_ENABLE_MODULES = YES;
				CLANG_ENABLE_OBJC_ARC = YES;
				CLANG_ENABLE_OBJC_WEAK = YES;
				CLANG_WARN_BLOCK_CAPTURE_AUTORELEASING = YES;
				CLANG_WARN_BOOL_CONVERSION = YES;
				CLANG_WARN_COMMA = YES;
				CLANG_WARN_CONSTANT_CONVERSION = YES;
				CLANG_WARN_DEPRECATED_OBJC_IMPLEMENTATIONS = YES;
				CLANG_WARN_DIRECT_OBJC_ISA_USAGE = YES_ERROR;
				CLANG_WARN_DOCUMENTATION_COMMENTS = YES;
				CLANG_WARN_EMPTY_BODY = YES;
				CLANG_WARN_ENUM_CONVERSION = YES;
				CLANG_WARN_INFINITE_RECURSION = YES;
				CLANG_WARN_INT_CONVERSION = YES;
				CLANG_WARN_NON_LITERAL_NULL_CONVERSION = YES;
				CLANG_WARN_OBJC_IMPLICIT_RETAIN_SELF = YES;
				CLANG_WARN_OBJC_LITERAL_CONVERSION = YES;
				CLANG_WARN_OBJC_ROOT_CLASS = YES_ERROR;
				CLANG_WARN_RANGE_LOOP_ANALYSIS = YES;
				CLANG_WARN_STRICT_PROTOTYPES = YES;
				CLANG_WARN_SUSPICIOUS_MOVE = YES;
				CLANG_WARN_UNGUARDED_AVAILABILITY = YES_AGGRESSIVE;
				CLANG_WARN_UNREACHABLE_CODE = YES;
				CLANG_WARN__DUPLICATE_METHOD_MATCH = YES;
				CODE_SIGN_IDENTITY = "iPhone Developer";
				COPY_PHASE_STRIP = NO;
				DEBUG_INFORMATION_FORMAT = "dwarf-with-dsym";
				ENABLE_NS_ASSERTIONS = NO;
				ENABLE_STRICT_OBJC_MSGSEND = YES;
				GCC_C_LANGUAGE_STANDARD = gnu11;
				GCC_NO_COMMON_BLOCKS = YES;
				GCC_WARN_64_TO_32_BIT_CONVERSION = YES;
				GCC_WARN_ABOUT_RETURN_TYPE = YES_ERROR;
				GCC_WARN_UNDECLARED_SELECTOR = YES;
				GCC_WARN_UNINITIALIZED_AUTOS = YES_AGGRESSIVE;
				GCC_WARN_UNUSED_FUNCTION = YES;
				GCC_WARN_UNUSED_VARIABLE = YES;
				IPHONEOS_DEPLOYMENT_TARGET = 11.3;
				MTL_ENABLE_DEBUG_INFO = NO;
				SDKROOT = iphoneos;
				SWIFT_COMPILATION_MODE = wholemodule;
				SWIFT_OPTIMIZATION_LEVEL = "-O";
				VALIDATE_PRODUCT = YES;
			};
			name = Release;
		};
		CD29E21520CF9B28005C4262 /* Debug */ = {
			isa = XCBuildConfiguration;
			buildSettings = {
				ASSETCATALOG_COMPILER_APPICON_NAME = AppIcon;
				CODE_SIGN_STYLE = Automatic;
				INFOPLIST_FILE = Tab14/Info.plist;
				LD_RUNPATH_SEARCH_PATHS = (
					"$(inherited)",
					"@executable_path/Frameworks",
				);
				PRODUCT_BUNDLE_IDENTIFIER = swu.ac.kr.Tab14;
				PRODUCT_NAME = "$(TARGET_NAME)";
				SWIFT_VERSION = 4.0;
				TARGETED_DEVICE_FAMILY = "1,2";
			};
			name = Debug;
		};
		CD29E21620CF9B28005C4262 /* Release */ = {
			isa = XCBuildConfiguration;
			buildSettings = {
				ASSETCATALOG_COMPILER_APPICON_NAME = AppIcon;
				CODE_SIGN_STYLE = Automatic;
				INFOPLIST_FILE = Tab14/Info.plist;
				LD_RUNPATH_SEARCH_PATHS = (
					"$(inherited)",
					"@executable_path/Frameworks",
				);
				PRODUCT_BUNDLE_IDENTIFIER = swu.ac.kr.Tab14;
				PRODUCT_NAME = "$(TARGET_NAME)";
				SWIFT_VERSION = 4.0;
				TARGETED_DEVICE_FAMILY = "1,2";
			};
			name = Release;
		};
/* End XCBuildConfiguration section */

/* Begin XCConfigurationList section */
		CD29E1FB20CF9B26005C4262 /* Build configuration list for PBXProject "Tab14" */ = {
			isa = XCConfigurationList;
			buildConfigurations = (
				CD29E21220CF9B28005C4262 /* Debug */,
				CD29E21320CF9B28005C4262 /* Release */,
			);
			defaultConfigurationIsVisible = 0;
			defaultConfigurationName = Release;
		};
		CD29E21420CF9B28005C4262 /* Build configuration list for PBXNativeTarget "Tab14" */ = {
			isa = XCConfigurationList;
			buildConfigurations = (
				CD29E21520CF9B28005C4262 /* Debug */,
				CD29E21620CF9B28005C4262 /* Release */,
			);
			defaultConfigurationIsVisible = 0;
			defaultConfigurationName = Release;
		};
/* End XCConfigurationList section */
	};
	rootObject = CD29E1F820CF9B26005C4262 /* Project object */;
}
