// !$*UTF8*$!
{
	archiveVersion = 1;
	classes = {
	};
	objectVersion = 50;
	objects = {

/* Begin PBXBuildFile section */
		CD362EBE20C6694100702078 /* AppDelegate.swift in Sources */ = {isa = PBXBuildFile; fileRef = CD362EBD20C6694100702078 /* AppDelegate.swift */; };
		CD362EC020C6694100702078 /* ViewController.swift in Sources */ = {isa = PBXBuildFile; fileRef = CD362EBF20C6694100702078 /* ViewController.swift */; };
		CD362EC320C6694100702078 /* Main.storyboard in Resources */ = {isa = PBXBuildFile; fileRef = CD362EC120C6694100702078 /* Main.storyboard */; };
		CD362EC520C6694200702078 /* Assets.xcassets in Resources */ = {isa = PBXBuildFile; fileRef = CD362EC420C6694200702078 /* Assets.xcassets */; };
		CD362EC820C6694200702078 /* LaunchScreen.storyboard in Resources */ = {isa = PBXBuildFile; fileRef = CD362EC620C6694200702078 /* LaunchScreen.storyboard */; };
		CD362ED020C66FDF00702078 /* University.swift in Sources */ = {isa = PBXBuildFile; fileRef = CD362ECF20C66FDF00702078 /* University.swift */; };
		CD362ED220C670A400702078 /* UnivTableViewController.swift in Sources */ = {isa = PBXBuildFile; fileRef = CD362ED120C670A400702078 /* UnivTableViewController.swift */; };
/* End PBXBuildFile section */

/* Begin PBXFileReference section */
		CD362EBA20C6694100702078 /* Mappap.app */ = {isa = PBXFileReference; explicitFileType = wrapper.application; includeInIndex = 0; path = Mappap.app; sourceTree = BUILT_PRODUCTS_DIR; };
		CD362EBD20C6694100702078 /* AppDelegate.swift */ = {isa = PBXFileReference; lastKnownFileType = sourcecode.swift; path = AppDelegate.swift; sourceTree = "<group>"; };
		CD362EBF20C6694100702078 /* ViewController.swift */ = {isa = PBXFileReference; lastKnownFileType = sourcecode.swift; path = ViewController.swift; sourceTree = "<group>"; };
		CD362EC220C6694100702078 /* Base */ = {isa = PBXFileReference; lastKnownFileType = file.storyboard; name = Base; path = Base.lproj/Main.storyboard; sourceTree = "<group>"; };
		CD362EC420C6694200702078 /* Assets.xcassets */ = {isa = PBXFileReference; lastKnownFileType = folder.assetcatalog; path = Assets.xcassets; sourceTree = "<group>"; };
		CD362EC720C6694200702078 /* Base */ = {isa = PBXFileReference; lastKnownFileType = file.storyboard; name = Base; path = Base.lproj/LaunchScreen.storyboard; sourceTree = "<group>"; };
		CD362EC920C6694300702078 /* Info.plist */ = {isa = PBXFileReference; lastKnownFileType = text.plist.xml; path = Info.plist; sourceTree = "<group>"; };
		CD362ECF20C66FDF00702078 /* University.swift */ = {isa = PBXFileReference; lastKnownFileType = sourcecode.swift; path = University.swift; sourceTree = "<group>"; };
		CD362ED120C670A400702078 /* UnivTableViewController.swift */ = {isa = PBXFileReference; lastKnownFileType = sourcecode.swift; path = UnivTableViewController.swift; sourceTree = "<group>"; };
/* End PBXFileReference section */

/* Begin PBXFrameworksBuildPhase section */
		CD362EB720C6694100702078 /* Frameworks */ = {
			isa = PBXFrameworksBuildPhase;
			buildActionMask = 2147483647;
			files = (
			);
			runOnlyForDeploymentPostprocessing = 0;
		};
/* End PBXFrameworksBuildPhase section */

/* Begin PBXGroup section */
		CD362EB120C6694100702078 = {
			isa = PBXGroup;
			children = (
				CD362EBC20C6694100702078 /* Mappap */,
				CD362EBB20C6694100702078 /* Products */,
			);
			sourceTree = "<group>";
		};
		CD362EBB20C6694100702078 /* Products */ = {
			isa = PBXGroup;
			children = (
				CD362EBA20C6694100702078 /* Mappap.app */,
			);
			name = Products;
			sourceTree = "<group>";
		};
		CD362EBC20C6694100702078 /* Mappap */ = {
			isa = PBXGroup;
			children = (
				CD362EBD20C6694100702078 /* AppDelegate.swift */,
				CD362EBF20C6694100702078 /* ViewController.swift */,
				CD362EC120C6694100702078 /* Main.storyboard */,
				CD362EC420C6694200702078 /* Assets.xcassets */,
				CD362EC620C6694200702078 /* LaunchScreen.storyboard */,
				CD362EC920C6694300702078 /* Info.plist */,
				CD362ECF20C66FDF00702078 /* University.swift */,
				CD362ED120C670A400702078 /* UnivTableViewController.swift */,
			);
			path = Mappap;
			sourceTree = "<group>";
		};
/* End PBXGroup section */

/* Begin PBXNativeTarget section */
		CD362EB920C6694100702078 /* Mappap */ = {
			isa = PBXNativeTarget;
			buildConfigurationList = CD362ECC20C6694300702078 /* Build configuration list for PBXNativeTarget "Mappap" */;
			buildPhases = (
				CD362EB620C6694100702078 /* Sources */,
				CD362EB720C6694100702078 /* Frameworks */,
				CD362EB820C6694100702078 /* Resources */,
			);
			buildRules = (
			);
			dependencies = (
			);
			name = Mappap;
			productName = Mappap;
			productReference = CD362EBA20C6694100702078 /* Mappap.app */;
			productType = "com.apple.product-type.application";
		};
/* End PBXNativeTarget section */

/* Begin PBXProject section */
		CD362EB220C6694100702078 /* Project object */ = {
			isa = PBXProject;
			attributes = {
				LastSwiftUpdateCheck = 0930;
				LastUpgradeCheck = 0930;
				ORGANIZATIONNAME = SWUCOMPUTER;
				TargetAttributes = {
					CD362EB920C6694100702078 = {
						CreatedOnToolsVersion = 9.3.1;
					};
				};
			};
			buildConfigurationList = CD362EB520C6694100702078 /* Build configuration list for PBXProject "Mappap" */;
			compatibilityVersion = "Xcode 9.3";
			developmentRegion = en;
			hasScannedForEncodings = 0;
			knownRegions = (
				en,
				Base,
			);
			mainGroup = CD362EB120C6694100702078;
			productRefGroup = CD362EBB20C6694100702078 /* Products */;
			projectDirPath = "";
			projectRoot = "";
			targets = (
				CD362EB920C6694100702078 /* Mappap */,
			);
		};
/* End PBXProject section */

/* Begin PBXResourcesBuildPhase section */
		CD362EB820C6694100702078 /* Resources */ = {
			isa = PBXResourcesBuildPhase;
			buildActionMask = 2147483647;
			files = (
				CD362EC820C6694200702078 /* LaunchScreen.storyboard in Resources */,
				CD362EC520C6694200702078 /* Assets.xcassets in Resources */,
				CD362EC320C6694100702078 /* Main.storyboard in Resources */,
			);
			runOnlyForDeploymentPostprocessing = 0;
		};
/* End PBXResourcesBuildPhase section */

/* Begin PBXSourcesBuildPhase section */
		CD362EB620C6694100702078 /* Sources */ = {
			isa = PBXSourcesBuildPhase;
			buildActionMask = 2147483647;
			files = (
				CD362EC020C6694100702078 /* ViewController.swift in Sources */,
				CD362ED220C670A400702078 /* UnivTableViewController.swift in Sources */,
				CD362EBE20C6694100702078 /* AppDelegate.swift in Sources */,
				CD362ED020C66FDF00702078 /* University.swift in Sources */,
			);
			runOnlyForDeploymentPostprocessing = 0;
		};
/* End PBXSourcesBuildPhase section */

/* Begin PBXVariantGroup section */
		CD362EC120C6694100702078 /* Main.storyboard */ = {
			isa = PBXVariantGroup;
			children = (
				CD362EC220C6694100702078 /* Base */,
			);
			name = Main.storyboard;
			sourceTree = "<group>";
		};
		CD362EC620C6694200702078 /* LaunchScreen.storyboard */ = {
			isa = PBXVariantGroup;
			children = (
				CD362EC720C6694200702078 /* Base */,
			);
			name = LaunchScreen.storyboard;
			sourceTree = "<group>";
		};
/* End PBXVariantGroup section */

/* Begin XCBuildConfiguration section */
		CD362ECA20C6694300702078 /* Debug */ = {
			isa = XCBuildConfiguration;
			buildSettings = {
				ALWAYS_SEARCH_USER_PATHS = NO;
				CLANG_ANALYZER_NONNULL = YES;
				CLANG_ANALYZER_NUMBER_OBJECT_CONVERSION = YES_AGGRESSIVE;
				CLANG_CXX_LANGUAGE_STANDARD = "gnu++14";
				CLANG_CXX_LIBRARY = "libc++";
				CLANG_ENABLE_MODULES = YES;
				CLANG_ENABLE_OBJC_ARC = YES;
				CLANG_ENABLE_OBJC_WEAK = YES;
				CLANG_WARN_BLOCK_CAPTURE_AUTORELEASING = YES;
				CLANG_WARN_BOOL_CONVERSION = YES;
				CLANG_WARN_COMMA = YES;
				CLANG_WARN_CONSTANT_CONVERSION = YES;
				CLANG_WARN_DEPRECATED_OBJC_IMPLEMENTATIONS = YES;
				CLANG_WARN_DIRECT_OBJC_ISA_USAGE = YES_ERROR;
				CLANG_WARN_DOCUMENTATION_COMMENTS = YES;
				CLANG_WARN_EMPTY_BODY = YES;
				CLANG_WARN_ENUM_CONVERSION = YES;
				CLANG_WARN_INFINITE_RECURSION = YES;
				CLANG_WARN_INT_CONVERSION = YES;
				CLANG_WARN_NON_LITERAL_NULL_CONVERSION = YES;
				CLANG_WARN_OBJC_IMPLICIT_RETAIN_SELF = YES;
				CLANG_WARN_OBJC_LITERAL_CONVERSION = YES;
				CLANG_WARN_OBJC_ROOT_CLASS = YES_ERROR;
				CLANG_WARN_RANGE_LOOP_ANALYSIS = YES;
				CLANG_WARN_STRICT_PROTOTYPES = YES;
				CLANG_WARN_SUSPICIOUS_MOVE = YES;
				CLANG_WARN_UNGUARDED_AVAILABILITY = YES_AGGRESSIVE;
				CLANG_WARN_UNREACHABLE_CODE = YES;
				CLANG_WARN__DUPLICATE_METHOD_MATCH = YES;
				CODE_SIGN_IDENTITY = "iPhone Developer";
				COPY_PHASE_STRIP = NO;
				DEBUG_INFORMATION_FORMAT = dwarf;
				ENABLE_STRICT_OBJC_MSGSEND = YES;
				ENABLE_TESTABILITY = YES;
				GCC_C_LANGUAGE_STANDARD = gnu11;
				GCC_DYNAMIC_NO_PIC = NO;
				GCC_NO_COMMON_BLOCKS = YES;
				GCC_OPTIMIZATION_LEVEL = 0;
				GCC_PREPROCESSOR_DEFINITIONS = (
					"DEBUG=1",
					"$(inherited)",
				);
				GCC_WARN_64_TO_32_BIT_CONVERSION = YES;
				GCC_WARN_ABOUT_RETURN_TYPE = YES_ERROR;
				GCC_WARN_UNDECLARED_SELECTOR = YES;
				GCC_WARN_UNINITIALIZED_AUTOS = YES_AGGRESSIVE;
				GCC_WARN_UNUSED_FUNCTION = YES;
				GCC_WARN_UNUSED_VARIABLE = YES;
				IPHONEOS_DEPLOYMENT_TARGET = 11.3;
				MTL_ENABLE_DEBUG_INFO = YES;
				ONLY_ACTIVE_ARCH = YES;
				SDKROOT = iphoneos;
				SWIFT_ACTIVE_COMPILATION_CONDITIONS = DEBUG;
				SWIFT_OPTIMIZATION_LEVEL = "-Onone";
			};
			name = Debug;
		};
		CD362ECB20C6694300702078 /* Release */ = {
			isa = XCBuildConfiguration;
			buildSettings = {
				ALWAYS_SEARCH_USER_PATHS = NO;
				CLANG_ANALYZER_NONNULL = YES;
				CLANG_ANALYZER_NUMBER_OBJECT_CONVERSION = YES_AGGRESSIVE;
				CLANG_CXX_LANGUAGE_STANDARD = "gnu++14";
				CLANG_CXX_LIBRARY = "libc++";
				CLANG_ENABLE_MODULES = YES;
				CLANG_ENABLE_OBJC_ARC = YES;
				CLANG_ENABLE_OBJC_WEAK = YES;
				CLANG_WARN_BLOCK_CAPTURE_AUTORELEASING = YES;
				CLANG_WARN_BOOL_CONVERSION = YES;
				CLANG_WARN_COMMA = YES;
				CLANG_WARN_CONSTANT_CONVERSION = YES;
				CLANG_WARN_DEPRECATED_OBJC_IMPLEMENTATIONS = YES;
				CLANG_WARN_DIRECT_OBJC_ISA_USAGE = YES_ERROR;
				CLANG_WARN_DOCUMENTATION_COMMENTS = YES;
				CLANG_WARN_EMPTY_BODY = YES;
				CLANG_WARN_ENUM_CONVERSION = YES;
				CLANG_WARN_INFINITE_RECURSION = YES;
				CLANG_WARN_INT_CONVERSION = YES;
				CLANG_WARN_NON_LITERAL_NULL_CONVERSION = YES;
				CLANG_WARN_OBJC_IMPLICIT_RETAIN_SELF = YES;
				CLANG_WARN_OBJC_LITERAL_CONVERSION = YES;
				CLANG_WARN_OBJC_ROOT_CLASS = YES_ERROR;
				CLANG_WARN_RANGE_LOOP_ANALYSIS = YES;
				CLANG_WARN_STRICT_PROTOTYPES = YES;
				CLANG_WARN_SUSPICIOUS_MOVE = YES;
				CLANG_WARN_UNGUARDED_AVAILABILITY = YES_AGGRESSIVE;
				CLANG_WARN_UNREACHABLE_CODE = YES;
				CLANG_WARN__DUPLICATE_METHOD_MATCH = YES;
				CODE_SIGN_IDENTITY = "iPhone Developer";
				COPY_PHASE_STRIP = NO;
				DEBUG_INFORMATION_FORMAT = "dwarf-with-dsym";
				ENABLE_NS_ASSERTIONS = NO;
				ENABLE_STRICT_OBJC_MSGSEND = YES;
				GCC_C_LANGUAGE_STANDARD = gnu11;
				GCC_NO_COMMON_BLOCKS = YES;
				GCC_WARN_64_TO_32_BIT_CONVERSION = YES;
				GCC_WARN_ABOUT_RETURN_TYPE = YES_ERROR;
				GCC_WARN_UNDECLARED_SELECTOR = YES;
				GCC_WARN_UNINITIALIZED_AUTOS = YES_AGGRESSIVE;
				GCC_WARN_UNUSED_FUNCTION = YES;
				GCC_WARN_UNUSED_VARIABLE = YES;
				IPHONEOS_DEPLOYMENT_TARGET = 11.3;
				MTL_ENABLE_DEBUG_INFO = NO;
				SDKROOT = iphoneos;
				SWIFT_COMPILATION_MODE = wholemodule;
				SWIFT_OPTIMIZATION_LEVEL = "-O";
				VALIDATE_PRODUCT = YES;
			};
			name = Release;
		};
		CD362ECD20C6694300702078 /* Debug */ = {
			isa = XCBuildConfiguration;
			buildSettings = {
				ASSETCATALOG_COMPILER_APPICON_NAME = AppIcon;
				CODE_SIGN_STYLE = Automatic;
				INFOPLIST_FILE = Mappap/Info.plist;
				LD_RUNPATH_SEARCH_PATHS = (
					"$(inherited)",
					"@executable_path/Frameworks",
				);
				PRODUCT_BUNDLE_IDENTIFIER = swu.ac.kr.Mappap;
				PRODUCT_NAME = "$(TARGET_NAME)";
				SWIFT_VERSION = 4.0;
				TARGETED_DEVICE_FAMILY = "1,2";
			};
			name = Debug;
		};
		CD362ECE20C6694300702078 /* Release */ = {
			isa = XCBuildConfiguration;
			buildSettings = {
				ASSETCATALOG_COMPILER_APPICON_NAME = AppIcon;
				CODE_SIGN_STYLE = Automatic;
				INFOPLIST_FILE = Mappap/Info.plist;
				LD_RUNPATH_SEARCH_PATHS = (
					"$(inherited)",
					"@executable_path/Frameworks",
				);
				PRODUCT_BUNDLE_IDENTIFIER = swu.ac.kr.Mappap;
				PRODUCT_NAME = "$(TARGET_NAME)";
				SWIFT_VERSION = 4.0;
				TARGETED_DEVICE_FAMILY = "1,2";
			};
			name = Release;
		};
/* End XCBuildConfiguration section */

/* Begin XCConfigurationList section */
		CD362EB520C6694100702078 /* Build configuration list for PBXProject "Mappap" */ = {
			isa = XCConfigurationList;
			buildConfigurations = (
				CD362ECA20C6694300702078 /* Debug */,
				CD362ECB20C6694300702078 /* Release */,
			);
			defaultConfigurationIsVisible = 0;
			defaultConfigurationName = Release;
		};
		CD362ECC20C6694300702078 /* Build configuration list for PBXNativeTarget "Mappap" */ = {
			isa = XCConfigurationList;
			buildConfigurations = (
				CD362ECD20C6694300702078 /* Debug */,
				CD362ECE20C6694300702078 /* Release */,
			);
			defaultConfigurationIsVisible = 0;
			defaultConfigurationName = Release;
		};
/* End XCConfigurationList section */
	};
	rootObject = CD362EB220C6694100702078 /* Project object */;
}
